
Microsoft Visual Studio Solution File, Format Version 12.00
# Visual Studio Version 17
VisualStudioVersion = 17.10.34928.147
MinimumVisualStudioVersion = 10.0.40219.1
Project("{FAE04EC0-301F-11D3-BF4B-00C04F79EFBC}") = "proy_web_api", "proy_web_api\proy_web_api.csproj", "{ED52F507-F3F2-4B4D-AAD0-DE0D6CFC8D85}"
EndProject
Global
	GlobalSection(SolutionConfigurationPlatforms) = preSolution
		Debug|Any CPU = Debug|Any CPU
		Release|Any CPU = Release|Any CPU
	EndGlobalSection
	GlobalSection(ProjectConfigurationPlatforms) = postSolution
		{ED52F507-F3F2-4B4D-AAD0-DE0D6CFC8D85}.Debug|Any CPU.ActiveCfg = Debug|Any CPU
		{ED52F507-F3F2-4B4D-AAD0-DE0D6CFC8D85}.Debug|Any CPU.Build.0 = Debug|Any CPU
		{ED52F507-F3F2-4B4D-AAD0-DE0D6CFC8D85}.Release|Any CPU.ActiveCfg = Release|Any CPU
		{ED52F507-F3F2-4B4D-AAD0-DE0D6CFC8D85}.Release|Any CPU.Build.0 = Release|Any CPU
	EndGlobalSection
	GlobalSection(SolutionProperties) = preSolution
		HideSolutionNode = FALSE
	EndGlobalSection
	GlobalSection(ExtensibilityGlobals) = postSolution
		SolutionGuid = {0E9D37E8-DE2F-4D09-97F8-151D5EC80DDF}
	EndGlobalSection
EndGlobal
